
Microsoft Visual Studio Solution File, Format Version 12.00
# Visual Studio 15
VisualStudioVersion = 15.0.26430.15
MinimumVisualStudioVersion = 10.0.40219.1
Project("{FAE04EC0-301F-11D3-BF4B-00C04F79EFBC}") = "RaysHotDogApp.Android", "RaysHotDogApp\RaysHotDogApp.Android\RaysHotDogApp.Android.csproj", "{11993AF5-79A1-4757-B754-C346E6222FDC}"
EndProject
Project("{FAE04EC0-301F-11D3-BF4B-00C04F79EFBC}") = "RaysHotDogApp", "RaysHotDogApp\RaysHotDogApp\RaysHotDogApp.csproj", "{A433773B-DDB0-4431-BD52-93DB26821EEF}"
EndProject
Project("{FAE04EC0-301F-11D3-BF4B-00C04F79EFBC}") = "RaysHotDogApp.UWP", "RaysHotDogApp\RaysHotDogApp.UWP\RaysHotDogApp.UWP.csproj", "{F337A3E2-3E8A-4A58-9A4A-09C3A69C3A49}"
EndProject
Project("{FAE04EC0-301F-11D3-BF4B-00C04F79EFBC}") = "RaysHotDogApp.iOS", "RaysHotDogApp\RaysHotDogApp.iOS\RaysHotDogApp.iOS.csproj", "{AB21055F-08DB-4487-9AF1-0C6CDFFCCB0C}"
EndProject
Project("{FAE04EC0-301F-11D3-BF4B-00C04F79EFBC}") = "RaysHotDogApp.Repository", "RaysHotDogApp\RaysHotDogApp.Repository\RaysHotDogApp.Repository.csproj", "{4583DE03-74BF-463A-B04D-6631C0ED59BC}"
EndProject
Project("{FAE04EC0-301F-11D3-BF4B-00C04F79EFBC}") = "RaysHotDogApp.WebService", "RaysHotDogApp.WebService\RaysHotDogApp.WebService.csproj", "{091F75FA-0C4D-4DE5-AF8B-56FCB219C8F3}"
EndProject
Global
	GlobalSection(SolutionConfigurationPlatforms) = preSolution
		Ad-Hoc|Any CPU = Ad-Hoc|Any CPU
		Ad-Hoc|ARM = Ad-Hoc|ARM
		Ad-Hoc|iPhone = Ad-Hoc|iPhone
		Ad-Hoc|iPhoneSimulator = Ad-Hoc|iPhoneSimulator
		Ad-Hoc|x64 = Ad-Hoc|x64
		Ad-Hoc|x86 = Ad-Hoc|x86
		AppStore|Any CPU = AppStore|Any CPU
		AppStore|ARM = AppStore|ARM
		AppStore|iPhone = AppStore|iPhone
		AppStore|iPhoneSimulator = AppStore|iPhoneSimulator
		AppStore|x64 = AppStore|x64
		AppStore|x86 = AppStore|x86
		Debug|Any CPU = Debug|Any CPU
		Debug|ARM = Debug|ARM
		Debug|iPhone = Debug|iPhone
		Debug|iPhoneSimulator = Debug|iPhoneSimulator
		Debug|x64 = Debug|x64
		Debug|x86 = Debug|x86
		Release|Any CPU = Release|Any CPU
		Release|ARM = Release|ARM
		Release|iPhone = Release|iPhone
		Release|iPhoneSimulator = Release|iPhoneSimulator
		Release|x64 = Release|x64
		Release|x86 = Release|x86
	EndGlobalSection
	GlobalSection(ProjectConfigurationPlatforms) = postSolution
		{11993AF5-79A1-4757-B754-C346E6222FDC}.Ad-Hoc|Any CPU.ActiveCfg = Release|Any CPU
		{11993AF5-79A1-4757-B754-C346E6222FDC}.Ad-Hoc|Any CPU.Build.0 = Release|Any CPU
		{11993AF5-79A1-4757-B754-C346E6222FDC}.Ad-Hoc|Any CPU.Deploy.0 = Release|Any CPU
		{11993AF5-79A1-4757-B754-C346E6222FDC}.Ad-Hoc|ARM.ActiveCfg = Release|Any CPU
		{11993AF5-79A1-4757-B754-C346E6222FDC}.Ad-Hoc|ARM.Build.0 = Release|Any CPU
		{11993AF5-79A1-4757-B754-C346E6222FDC}.Ad-Hoc|ARM.Deploy.0 = Release|Any CPU
		{11993AF5-79A1-4757-B754-C346E6222FDC}.Ad-Hoc|iPhone.ActiveCfg = Release|Any CPU
		{11993AF5-79A1-4757-B754-C346E6222FDC}.Ad-Hoc|iPhone.Build.0 = Release|Any CPU
		{11993AF5-79A1-4757-B754-C346E6222FDC}.Ad-Hoc|iPhone.Deploy.0 = Release|Any CPU
		{11993AF5-79A1-4757-B754-C346E6222FDC}.Ad-Hoc|iPhoneSimulator.ActiveCfg = Release|Any CPU
		{11993AF5-79A1-4757-B754-C346E6222FDC}.Ad-Hoc|iPhoneSimulator.Build.0 = Release|Any CPU
		{11993AF5-79A1-4757-B754-C346E6222FDC}.Ad-Hoc|iPhoneSimulator.Deploy.0 = Release|Any CPU
		{11993AF5-79A1-4757-B754-C346E6222FDC}.Ad-Hoc|x64.ActiveCfg = Release|Any CPU
		{11993AF5-79A1-4757-B754-C346E6222FDC}.Ad-Hoc|x64.Build.0 = Release|Any CPU
		{11993AF5-79A1-4757-B754-C346E6222FDC}.Ad-Hoc|x64.Deploy.0 = Release|Any CPU
		{11993AF5-79A1-4757-B754-C346E6222FDC}.Ad-Hoc|x86.ActiveCfg = Release|Any CPU
		{11993AF5-79A1-4757-B754-C346E6222FDC}.Ad-Hoc|x86.Build.0 = Release|Any CPU
		{11993AF5-79A1-4757-B754-C346E6222FDC}.Ad-Hoc|x86.Deploy.0 = Release|Any CPU
		{11993AF5-79A1-4757-B754-C346E6222FDC}.AppStore|Any CPU.ActiveCfg = Release|Any CPU
		{11993AF5-79A1-4757-B754-C346E6222FDC}.AppStore|Any CPU.Build.0 = Release|Any CPU
		{11993AF5-79A1-4757-B754-C346E6222FDC}.AppStore|Any CPU.Deploy.0 = Release|Any CPU
		{11993AF5-79A1-4757-B754-C346E6222FDC}.AppStore|ARM.ActiveCfg = Release|Any CPU
		{11993AF5-79A1-4757-B754-C346E6222FDC}.AppStore|ARM.Build.0 = Release|Any CPU
		{11993AF5-79A1-4757-B754-C346E6222FDC}.AppStore|ARM.Deploy.0 = Release|Any CPU
		{11993AF5-79A1-4757-B754-C346E6222FDC}.AppStore|iPhone.ActiveCfg = Release|Any CPU
		{11993AF5-79A1-4757-B754-C346E6222FDC}.AppStore|iPhone.Build.0 = Release|Any CPU
		{11993AF5-79A1-4757-B754-C346E6222FDC}.AppStore|iPhone.Deploy.0 = Release|Any CPU
		{11993AF5-79A1-4757-B754-C346E6222FDC}.AppStore|iPhoneSimulator.ActiveCfg = Release|Any CPU
		{11993AF5-79A1-4757-B754-C346E6222FDC}.AppStore|iPhoneSimulator.Build.0 = Release|Any CPU
		{11993AF5-79A1-4757-B754-C346E6222FDC}.AppStore|iPhoneSimulator.Deploy.0 = Release|Any CPU
		{11993AF5-79A1-4757-B754-C346E6222FDC}.AppStore|x64.ActiveCfg = Release|Any CPU
		{11993AF5-79A1-4757-B754-C346E6222FDC}.AppStore|x64.Build.0 = Release|Any CPU
		{11993AF5-79A1-4757-B754-C346E6222FDC}.AppStore|x64.Deploy.0 = Release|Any CPU
		{11993AF5-79A1-4757-B754-C346E6222FDC}.AppStore|x86.ActiveCfg = Release|Any CPU
		{11993AF5-79A1-4757-B754-C346E6222FDC}.AppStore|x86.Build.0 = Release|Any CPU
		{11993AF5-79A1-4757-B754-C346E6222FDC}.AppStore|x86.Deploy.0 = Release|Any CPU
		{11993AF5-79A1-4757-B754-C346E6222FDC}.Debug|Any CPU.ActiveCfg = Debug|Any CPU
		{11993AF5-79A1-4757-B754-C346E6222FDC}.Debug|Any CPU.Build.0 = Debug|Any CPU
		{11993AF5-79A1-4757-B754-C346E6222FDC}.Debug|Any CPU.Deploy.0 = Debug|Any CPU
		{11993AF5-79A1-4757-B754-C346E6222FDC}.Debug|ARM.ActiveCfg = Debug|Any CPU
		{11993AF5-79A1-4757-B754-C346E6222FDC}.Debug|ARM.Build.0 = Debug|Any CPU
		{11993AF5-79A1-4757-B754-C346E6222FDC}.Debug|ARM.Deploy.0 = Debug|Any CPU
		{11993AF5-79A1-4757-B754-C346E6222FDC}.Debug|iPhone.ActiveCfg = Debug|Any CPU
		{11993AF5-79A1-4757-B754-C346E6222FDC}.Debug|iPhone.Build.0 = Debug|Any CPU
		{11993AF5-79A1-4757-B754-C346E6222FDC}.Debug|iPhone.Deploy.0 = Debug|Any CPU
		{11993AF5-79A1-4757-B754-C346E6222FDC}.Debug|iPhoneSimulator.ActiveCfg = Debug|Any CPU
		{11993AF5-79A1-4757-B754-C346E6222FDC}.Debug|iPhoneSimulator.Build.0 = Debug|Any CPU
		{11993AF5-79A1-4757-B754-C346E6222FDC}.Debug|iPhoneSimulator.Deploy.0 = Debug|Any CPU
		{11993AF5-79A1-4757-B754-C346E6222FDC}.Debug|x64.ActiveCfg = Debug|Any CPU
		{11993AF5-79A1-4757-B754-C346E6222FDC}.Debug|x64.Build.0 = Debug|Any CPU
		{11993AF5-79A1-4757-B754-C346E6222FDC}.Debug|x64.Deploy.0 = Debug|Any CPU
		{11993AF5-79A1-4757-B754-C346E6222FDC}.Debug|x86.ActiveCfg = Debug|Any CPU
		{11993AF5-79A1-4757-B754-C346E6222FDC}.Debug|x86.Build.0 = Debug|Any CPU
		{11993AF5-79A1-4757-B754-C346E6222FDC}.Debug|x86.Deploy.0 = Debug|Any CPU
		{11993AF5-79A1-4757-B754-C346E6222FDC}.Release|Any CPU.ActiveCfg = Release|Any CPU
		{11993AF5-79A1-4757-B754-C346E6222FDC}.Release|Any CPU.Build.0 = Release|Any CPU
		{11993AF5-79A1-4757-B754-C346E6222FDC}.Release|Any CPU.Deploy.0 = Release|Any CPU
		{11993AF5-79A1-4757-B754-C346E6222FDC}.Release|ARM.ActiveCfg = Release|Any CPU
		{11993AF5-79A1-4757-B754-C346E6222FDC}.Release|ARM.Build.0 = Release|Any CPU
		{11993AF5-79A1-4757-B754-C346E6222FDC}.Release|ARM.Deploy.0 = Release|Any CPU
		{11993AF5-79A1-4757-B754-C346E6222FDC}.Release|iPhone.ActiveCfg = Release|Any CPU
		{11993AF5-79A1-4757-B754-C346E6222FDC}.Release|iPhone.Build.0 = Release|Any CPU
		{11993AF5-79A1-4757-B754-C346E6222FDC}.Release|iPhone.Deploy.0 = Release|Any CPU
		{11993AF5-79A1-4757-B754-C346E6222FDC}.Release|iPhoneSimulator.ActiveCfg = Release|Any CPU
		{11993AF5-79A1-4757-B754-C346E6222FDC}.Release|iPhoneSimulator.Build.0 = Release|Any CPU
		{11993AF5-79A1-4757-B754-C346E6222FDC}.Release|iPhoneSimulator.Deploy.0 = Release|Any CPU
		{11993AF5-79A1-4757-B754-C346E6222FDC}.Release|x64.ActiveCfg = Release|Any CPU
		{11993AF5-79A1-4757-B754-C346E6222FDC}.Release|x64.Build.0 = Release|Any CPU
		{11993AF5-79A1-4757-B754-C346E6222FDC}.Release|x64.Deploy.0 = Release|Any CPU
		{11993AF5-79A1-4757-B754-C346E6222FDC}.Release|x86.ActiveCfg = Release|Any CPU
		{11993AF5-79A1-4757-B754-C346E6222FDC}.Release|x86.Build.0 = Release|Any CPU
		{11993AF5-79A1-4757-B754-C346E6222FDC}.Release|x86.Deploy.0 = Release|Any CPU
		{A433773B-DDB0-4431-BD52-93DB26821EEF}.Ad-Hoc|Any CPU.ActiveCfg = Release|Any CPU
		{A433773B-DDB0-4431-BD52-93DB26821EEF}.Ad-Hoc|Any CPU.Build.0 = Release|Any CPU
		{A433773B-DDB0-4431-BD52-93DB26821EEF}.Ad-Hoc|ARM.ActiveCfg = Release|Any CPU
		{A433773B-DDB0-4431-BD52-93DB26821EEF}.Ad-Hoc|ARM.Build.0 = Release|Any CPU
		{A433773B-DDB0-4431-BD52-93DB26821EEF}.Ad-Hoc|iPhone.ActiveCfg = Release|Any CPU
		{A433773B-DDB0-4431-BD52-93DB26821EEF}.Ad-Hoc|iPhone.Build.0 = Release|Any CPU
		{A433773B-DDB0-4431-BD52-93DB26821EEF}.Ad-Hoc|iPhoneSimulator.ActiveCfg = Release|Any CPU
		{A433773B-DDB0-4431-BD52-93DB26821EEF}.Ad-Hoc|iPhoneSimulator.Build.0 = Release|Any CPU
		{A433773B-DDB0-4431-BD52-93DB26821EEF}.Ad-Hoc|x64.ActiveCfg = Release|Any CPU
		{A433773B-DDB0-4431-BD52-93DB26821EEF}.Ad-Hoc|x64.Build.0 = Release|Any CPU
		{A433773B-DDB0-4431-BD52-93DB26821EEF}.Ad-Hoc|x86.ActiveCfg = Release|Any CPU
		{A433773B-DDB0-4431-BD52-93DB26821EEF}.Ad-Hoc|x86.Build.0 = Release|Any CPU
		{A433773B-DDB0-4431-BD52-93DB26821EEF}.AppStore|Any CPU.ActiveCfg = Release|Any CPU
		{A433773B-DDB0-4431-BD52-93DB26821EEF}.AppStore|Any CPU.Build.0 = Release|Any CPU
		{A433773B-DDB0-4431-BD52-93DB26821EEF}.AppStore|ARM.ActiveCfg = Release|Any CPU
		{A433773B-DDB0-4431-BD52-93DB26821EEF}.AppStore|ARM.Build.0 = Release|Any CPU
		{A433773B-DDB0-4431-BD52-93DB26821EEF}.AppStore|iPhone.ActiveCfg = Release|Any CPU
		{A433773B-DDB0-4431-BD52-93DB26821EEF}.AppStore|iPhone.Build.0 = Release|Any CPU
		{A433773B-DDB0-4431-BD52-93DB26821EEF}.AppStore|iPhoneSimulator.ActiveCfg = Release|Any CPU
		{A433773B-DDB0-4431-BD52-93DB26821EEF}.AppStore|iPhoneSimulator.Build.0 = Release|Any CPU
		{A433773B-DDB0-4431-BD52-93DB26821EEF}.AppStore|x64.ActiveCfg = Release|Any CPU
		{A433773B-DDB0-4431-BD52-93DB26821EEF}.AppStore|x64.Build.0 = Release|Any CPU
		{A433773B-DDB0-4431-BD52-93DB26821EEF}.AppStore|x86.ActiveCfg = Release|Any CPU
		{A433773B-DDB0-4431-BD52-93DB26821EEF}.AppStore|x86.Build.0 = Release|Any CPU
		{A433773B-DDB0-4431-BD52-93DB26821EEF}.Debug|Any CPU.ActiveCfg = Debug|Any CPU
		{A433773B-DDB0-4431-BD52-93DB26821EEF}.Debug|Any CPU.Build.0 = Debug|Any CPU
		{A433773B-DDB0-4431-BD52-93DB26821EEF}.Debug|ARM.ActiveCfg = Debug|Any CPU
		{A433773B-DDB0-4431-BD52-93DB26821EEF}.Debug|ARM.Build.0 = Debug|Any CPU
		{A433773B-DDB0-4431-BD52-93DB26821EEF}.Debug|iPhone.ActiveCfg = Debug|Any CPU
		{A433773B-DDB0-4431-BD52-93DB26821EEF}.Debug|iPhone.Build.0 = Debug|Any CPU
		{A433773B-DDB0-4431-BD52-93DB26821EEF}.Debug|iPhoneSimulator.ActiveCfg = Debug|Any CPU
		{A433773B-DDB0-4431-BD52-93DB26821EEF}.Debug|iPhoneSimulator.Build.0 = Debug|Any CPU
		{A433773B-DDB0-4431-BD52-93DB26821EEF}.Debug|x64.ActiveCfg = Debug|Any CPU
		{A433773B-DDB0-4431-BD52-93DB26821EEF}.Debug|x64.Build.0 = Debug|Any CPU
		{A433773B-DDB0-4431-BD52-93DB26821EEF}.Debug|x86.ActiveCfg = Debug|Any CPU
		{A433773B-DDB0-4431-BD52-93DB26821EEF}.Debug|x86.Build.0 = Debug|Any CPU
		{A433773B-DDB0-4431-BD52-93DB26821EEF}.Release|Any CPU.ActiveCfg = Release|Any CPU
		{A433773B-DDB0-4431-BD52-93DB26821EEF}.Release|Any CPU.Build.0 = Release|Any CPU
		{A433773B-DDB0-4431-BD52-93DB26821EEF}.Release|ARM.ActiveCfg = Release|Any CPU
		{A433773B-DDB0-4431-BD52-93DB26821EEF}.Release|ARM.Build.0 = Release|Any CPU
		{A433773B-DDB0-4431-BD52-93DB26821EEF}.Release|iPhone.ActiveCfg = Release|Any CPU
		{A433773B-DDB0-4431-BD52-93DB26821EEF}.Release|iPhone.Build.0 = Release|Any CPU
		{A433773B-DDB0-4431-BD52-93DB26821EEF}.Release|iPhoneSimulator.ActiveCfg = Release|Any CPU
		{A433773B-DDB0-4431-BD52-93DB26821EEF}.Release|iPhoneSimulator.Build.0 = Release|Any CPU
		{A433773B-DDB0-4431-BD52-93DB26821EEF}.Release|x64.ActiveCfg = Release|Any CPU
		{A433773B-DDB0-4431-BD52-93DB26821EEF}.Release|x64.Build.0 = Release|Any CPU
		{A433773B-DDB0-4431-BD52-93DB26821EEF}.Release|x86.ActiveCfg = Release|Any CPU
		{A433773B-DDB0-4431-BD52-93DB26821EEF}.Release|x86.Build.0 = Release|Any CPU
		{F337A3E2-3E8A-4A58-9A4A-09C3A69C3A49}.Ad-Hoc|Any CPU.ActiveCfg = Release|x86
		{F337A3E2-3E8A-4A58-9A4A-09C3A69C3A49}.Ad-Hoc|Any CPU.Build.0 = Release|x86
		{F337A3E2-3E8A-4A58-9A4A-09C3A69C3A49}.Ad-Hoc|Any CPU.Deploy.0 = Release|x86
		{F337A3E2-3E8A-4A58-9A4A-09C3A69C3A49}.Ad-Hoc|ARM.ActiveCfg = Release|ARM
		{F337A3E2-3E8A-4A58-9A4A-09C3A69C3A49}.Ad-Hoc|ARM.Build.0 = Release|ARM
		{F337A3E2-3E8A-4A58-9A4A-09C3A69C3A49}.Ad-Hoc|ARM.Deploy.0 = Release|ARM
		{F337A3E2-3E8A-4A58-9A4A-09C3A69C3A49}.Ad-Hoc|iPhone.ActiveCfg = Release|x86
		{F337A3E2-3E8A-4A58-9A4A-09C3A69C3A49}.Ad-Hoc|iPhone.Build.0 = Release|x86
		{F337A3E2-3E8A-4A58-9A4A-09C3A69C3A49}.Ad-Hoc|iPhone.Deploy.0 = Release|x86
		{F337A3E2-3E8A-4A58-9A4A-09C3A69C3A49}.Ad-Hoc|iPhoneSimulator.ActiveCfg = Release|x86
		{F337A3E2-3E8A-4A58-9A4A-09C3A69C3A49}.Ad-Hoc|iPhoneSimulator.Build.0 = Release|x86
		{F337A3E2-3E8A-4A58-9A4A-09C3A69C3A49}.Ad-Hoc|iPhoneSimulator.Deploy.0 = Release|x86
		{F337A3E2-3E8A-4A58-9A4A-09C3A69C3A49}.Ad-Hoc|x64.ActiveCfg = Release|x64
		{F337A3E2-3E8A-4A58-9A4A-09C3A69C3A49}.Ad-Hoc|x64.Build.0 = Release|x64
		{F337A3E2-3E8A-4A58-9A4A-09C3A69C3A49}.Ad-Hoc|x64.Deploy.0 = Release|x64
		{F337A3E2-3E8A-4A58-9A4A-09C3A69C3A49}.Ad-Hoc|x86.ActiveCfg = Release|x86
		{F337A3E2-3E8A-4A58-9A4A-09C3A69C3A49}.Ad-Hoc|x86.Build.0 = Release|x86
		{F337A3E2-3E8A-4A58-9A4A-09C3A69C3A49}.Ad-Hoc|x86.Deploy.0 = Release|x86
		{F337A3E2-3E8A-4A58-9A4A-09C3A69C3A49}.AppStore|Any CPU.ActiveCfg = Release|x86
		{F337A3E2-3E8A-4A58-9A4A-09C3A69C3A49}.AppStore|Any CPU.Build.0 = Release|x86
		{F337A3E2-3E8A-4A58-9A4A-09C3A69C3A49}.AppStore|Any CPU.Deploy.0 = Release|x86
		{F337A3E2-3E8A-4A58-9A4A-09C3A69C3A49}.AppStore|ARM.ActiveCfg = Release|ARM
		{F337A3E2-3E8A-4A58-9A4A-09C3A69C3A49}.AppStore|ARM.Build.0 = Release|ARM
		{F337A3E2-3E8A-4A58-9A4A-09C3A69C3A49}.AppStore|ARM.Deploy.0 = Release|ARM
		{F337A3E2-3E8A-4A58-9A4A-09C3A69C3A49}.AppStore|iPhone.ActiveCfg = Release|x86
		{F337A3E2-3E8A-4A58-9A4A-09C3A69C3A49}.AppStore|iPhone.Build.0 = Release|x86
		{F337A3E2-3E8A-4A58-9A4A-09C3A69C3A49}.AppStore|iPhone.Deploy.0 = Release|x86
		{F337A3E2-3E8A-4A58-9A4A-09C3A69C3A49}.AppStore|iPhoneSimulator.ActiveCfg = Release|x86
		{F337A3E2-3E8A-4A58-9A4A-09C3A69C3A49}.AppStore|iPhoneSimulator.Build.0 = Release|x86
		{F337A3E2-3E8A-4A58-9A4A-09C3A69C3A49}.AppStore|iPhoneSimulator.Deploy.0 = Release|x86
		{F337A3E2-3E8A-4A58-9A4A-09C3A69C3A49}.AppStore|x64.ActiveCfg = Release|x64
		{F337A3E2-3E8A-4A58-9A4A-09C3A69C3A49}.AppStore|x64.Build.0 = Release|x64
		{F337A3E2-3E8A-4A58-9A4A-09C3A69C3A49}.AppStore|x64.Deploy.0 = Release|x64
		{F337A3E2-3E8A-4A58-9A4A-09C3A69C3A49}.AppStore|x86.ActiveCfg = Release|x86
		{F337A3E2-3E8A-4A58-9A4A-09C3A69C3A49}.AppStore|x86.Build.0 = Release|x86
		{F337A3E2-3E8A-4A58-9A4A-09C3A69C3A49}.AppStore|x86.Deploy.0 = Release|x86
		{F337A3E2-3E8A-4A58-9A4A-09C3A69C3A49}.Debug|Any CPU.ActiveCfg = Debug|x86
		{F337A3E2-3E8A-4A58-9A4A-09C3A69C3A49}.Debug|ARM.ActiveCfg = Debug|ARM
		{F337A3E2-3E8A-4A58-9A4A-09C3A69C3A49}.Debug|ARM.Build.0 = Debug|ARM
		{F337A3E2-3E8A-4A58-9A4A-09C3A69C3A49}.Debug|ARM.Deploy.0 = Debug|ARM
		{F337A3E2-3E8A-4A58-9A4A-09C3A69C3A49}.Debug|iPhone.ActiveCfg = Debug|x86
		{F337A3E2-3E8A-4A58-9A4A-09C3A69C3A49}.Debug|iPhoneSimulator.ActiveCfg = Debug|x86
		{F337A3E2-3E8A-4A58-9A4A-09C3A69C3A49}.Debug|x64.ActiveCfg = Debug|x64
		{F337A3E2-3E8A-4A58-9A4A-09C3A69C3A49}.Debug|x64.Build.0 = Debug|x64
		{F337A3E2-3E8A-4A58-9A4A-09C3A69C3A49}.Debug|x64.Deploy.0 = Debug|x64
		{F337A3E2-3E8A-4A58-9A4A-09C3A69C3A49}.Debug|x86.ActiveCfg = Debug|x86
		{F337A3E2-3E8A-4A58-9A4A-09C3A69C3A49}.Debug|x86.Build.0 = Debug|x86
		{F337A3E2-3E8A-4A58-9A4A-09C3A69C3A49}.Debug|x86.Deploy.0 = Debug|x86
		{F337A3E2-3E8A-4A58-9A4A-09C3A69C3A49}.Release|Any CPU.ActiveCfg = Release|x86
		{F337A3E2-3E8A-4A58-9A4A-09C3A69C3A49}.Release|ARM.ActiveCfg = Release|ARM
		{F337A3E2-3E8A-4A58-9A4A-09C3A69C3A49}.Release|ARM.Build.0 = Release|ARM
		{F337A3E2-3E8A-4A58-9A4A-09C3A69C3A49}.Release|ARM.Deploy.0 = Release|ARM
		{F337A3E2-3E8A-4A58-9A4A-09C3A69C3A49}.Release|iPhone.ActiveCfg = Release|x86
		{F337A3E2-3E8A-4A58-9A4A-09C3A69C3A49}.Release|iPhoneSimulator.ActiveCfg = Release|x86
		{F337A3E2-3E8A-4A58-9A4A-09C3A69C3A49}.Release|x64.ActiveCfg = Release|x64
		{F337A3E2-3E8A-4A58-9A4A-09C3A69C3A49}.Release|x64.Build.0 = Release|x64
		{F337A3E2-3E8A-4A58-9A4A-09C3A69C3A49}.Release|x64.Deploy.0 = Release|x64
		{F337A3E2-3E8A-4A58-9A4A-09C3A69C3A49}.Release|x86.ActiveCfg = Release|x86
		{F337A3E2-3E8A-4A58-9A4A-09C3A69C3A49}.Release|x86.Build.0 = Release|x86
		{F337A3E2-3E8A-4A58-9A4A-09C3A69C3A49}.Release|x86.Deploy.0 = Release|x86
		{AB21055F-08DB-4487-9AF1-0C6CDFFCCB0C}.Ad-Hoc|Any CPU.ActiveCfg = Ad-Hoc|iPhone
		{AB21055F-08DB-4487-9AF1-0C6CDFFCCB0C}.Ad-Hoc|ARM.ActiveCfg = Ad-Hoc|iPhone
		{AB21055F-08DB-4487-9AF1-0C6CDFFCCB0C}.Ad-Hoc|iPhone.ActiveCfg = Ad-Hoc|iPhone
		{AB21055F-08DB-4487-9AF1-0C6CDFFCCB0C}.Ad-Hoc|iPhone.Build.0 = Ad-Hoc|iPhone
		{AB21055F-08DB-4487-9AF1-0C6CDFFCCB0C}.Ad-Hoc|iPhoneSimulator.ActiveCfg = Ad-Hoc|iPhoneSimulator
		{AB21055F-08DB-4487-9AF1-0C6CDFFCCB0C}.Ad-Hoc|iPhoneSimulator.Build.0 = Ad-Hoc|iPhoneSimulator
		{AB21055F-08DB-4487-9AF1-0C6CDFFCCB0C}.Ad-Hoc|x64.ActiveCfg = Ad-Hoc|iPhone
		{AB21055F-08DB-4487-9AF1-0C6CDFFCCB0C}.Ad-Hoc|x86.ActiveCfg = Ad-Hoc|iPhone
		{AB21055F-08DB-4487-9AF1-0C6CDFFCCB0C}.AppStore|Any CPU.ActiveCfg = AppStore|iPhone
		{AB21055F-08DB-4487-9AF1-0C6CDFFCCB0C}.AppStore|ARM.ActiveCfg = AppStore|iPhone
		{AB21055F-08DB-4487-9AF1-0C6CDFFCCB0C}.AppStore|iPhone.ActiveCfg = AppStore|iPhone
		{AB21055F-08DB-4487-9AF1-0C6CDFFCCB0C}.AppStore|iPhone.Build.0 = AppStore|iPhone
		{AB21055F-08DB-4487-9AF1-0C6CDFFCCB0C}.AppStore|iPhoneSimulator.ActiveCfg = AppStore|iPhoneSimulator
		{AB21055F-08DB-4487-9AF1-0C6CDFFCCB0C}.AppStore|iPhoneSimulator.Build.0 = AppStore|iPhoneSimulator
		{AB21055F-08DB-4487-9AF1-0C6CDFFCCB0C}.AppStore|x64.ActiveCfg = AppStore|iPhone
		{AB21055F-08DB-4487-9AF1-0C6CDFFCCB0C}.AppStore|x86.ActiveCfg = AppStore|iPhone
		{AB21055F-08DB-4487-9AF1-0C6CDFFCCB0C}.Debug|Any CPU.ActiveCfg = Debug|iPhone
		{AB21055F-08DB-4487-9AF1-0C6CDFFCCB0C}.Debug|ARM.ActiveCfg = Debug|iPhone
		{AB21055F-08DB-4487-9AF1-0C6CDFFCCB0C}.Debug|iPhone.ActiveCfg = Debug|iPhone
		{AB21055F-08DB-4487-9AF1-0C6CDFFCCB0C}.Debug|iPhone.Build.0 = Debug|iPhone
		{AB21055F-08DB-4487-9AF1-0C6CDFFCCB0C}.Debug|iPhoneSimulator.ActiveCfg = Debug|iPhoneSimulator
		{AB21055F-08DB-4487-9AF1-0C6CDFFCCB0C}.Debug|iPhoneSimulator.Build.0 = Debug|iPhoneSimulator
		{AB21055F-08DB-4487-9AF1-0C6CDFFCCB0C}.Debug|x64.ActiveCfg = Debug|iPhone
		{AB21055F-08DB-4487-9AF1-0C6CDFFCCB0C}.Debug|x86.ActiveCfg = Debug|iPhone
		{AB21055F-08DB-4487-9AF1-0C6CDFFCCB0C}.Release|Any CPU.ActiveCfg = Release|iPhone
		{AB21055F-08DB-4487-9AF1-0C6CDFFCCB0C}.Release|ARM.ActiveCfg = Release|iPhone
		{AB21055F-08DB-4487-9AF1-0C6CDFFCCB0C}.Release|iPhone.ActiveCfg = Release|iPhone
		{AB21055F-08DB-4487-9AF1-0C6CDFFCCB0C}.Release|iPhone.Build.0 = Release|iPhone
		{AB21055F-08DB-4487-9AF1-0C6CDFFCCB0C}.Release|iPhoneSimulator.ActiveCfg = Release|iPhoneSimulator
		{AB21055F-08DB-4487-9AF1-0C6CDFFCCB0C}.Release|iPhoneSimulator.Build.0 = Release|iPhoneSimulator
		{AB21055F-08DB-4487-9AF1-0C6CDFFCCB0C}.Release|x64.ActiveCfg = Release|iPhone
		{AB21055F-08DB-4487-9AF1-0C6CDFFCCB0C}.Release|x86.ActiveCfg = Release|iPhone
		{4583DE03-74BF-463A-B04D-6631C0ED59BC}.Ad-Hoc|Any CPU.ActiveCfg = Release|Any CPU
		{4583DE03-74BF-463A-B04D-6631C0ED59BC}.Ad-Hoc|Any CPU.Build.0 = Release|Any CPU
		{4583DE03-74BF-463A-B04D-6631C0ED59BC}.Ad-Hoc|ARM.ActiveCfg = Release|Any CPU
		{4583DE03-74BF-463A-B04D-6631C0ED59BC}.Ad-Hoc|ARM.Build.0 = Release|Any CPU
		{4583DE03-74BF-463A-B04D-6631C0ED59BC}.Ad-Hoc|iPhone.ActiveCfg = Release|Any CPU
		{4583DE03-74BF-463A-B04D-6631C0ED59BC}.Ad-Hoc|iPhone.Build.0 = Release|Any CPU
		{4583DE03-74BF-463A-B04D-6631C0ED59BC}.Ad-Hoc|iPhoneSimulator.ActiveCfg = Release|Any CPU
		{4583DE03-74BF-463A-B04D-6631C0ED59BC}.Ad-Hoc|iPhoneSimulator.Build.0 = Release|Any CPU
		{4583DE03-74BF-463A-B04D-6631C0ED59BC}.Ad-Hoc|x64.ActiveCfg = Release|Any CPU
		{4583DE03-74BF-463A-B04D-6631C0ED59BC}.Ad-Hoc|x64.Build.0 = Release|Any CPU
		{4583DE03-74BF-463A-B04D-6631C0ED59BC}.Ad-Hoc|x86.ActiveCfg = Release|Any CPU
		{4583DE03-74BF-463A-B04D-6631C0ED59BC}.Ad-Hoc|x86.Build.0 = Release|Any CPU
		{4583DE03-74BF-463A-B04D-6631C0ED59BC}.AppStore|Any CPU.ActiveCfg = Release|Any CPU
		{4583DE03-74BF-463A-B04D-6631C0ED59BC}.AppStore|Any CPU.Build.0 = Release|Any CPU
		{4583DE03-74BF-463A-B04D-6631C0ED59BC}.AppStore|ARM.ActiveCfg = Release|Any CPU
		{4583DE03-74BF-463A-B04D-6631C0ED59BC}.AppStore|ARM.Build.0 = Release|Any CPU
		{4583DE03-74BF-463A-B04D-6631C0ED59BC}.AppStore|iPhone.ActiveCfg = Release|Any CPU
		{4583DE03-74BF-463A-B04D-6631C0ED59BC}.AppStore|iPhone.Build.0 = Release|Any CPU
		{4583DE03-74BF-463A-B04D-6631C0ED59BC}.AppStore|iPhoneSimulator.ActiveCfg = Release|Any CPU
		{4583DE03-74BF-463A-B04D-6631C0ED59BC}.AppStore|iPhoneSimulator.Build.0 = Release|Any CPU
		{4583DE03-74BF-463A-B04D-6631C0ED59BC}.AppStore|x64.ActiveCfg = Release|Any CPU
		{4583DE03-74BF-463A-B04D-6631C0ED59BC}.AppStore|x64.Build.0 = Release|Any CPU
		{4583DE03-74BF-463A-B04D-6631C0ED59BC}.AppStore|x86.ActiveCfg = Release|Any CPU
		{4583DE03-74BF-463A-B04D-6631C0ED59BC}.AppStore|x86.Build.0 = Release|Any CPU
		{4583DE03-74BF-463A-B04D-6631C0ED59BC}.Debug|Any CPU.ActiveCfg = Debug|Any CPU
		{4583DE03-74BF-463A-B04D-6631C0ED59BC}.Debug|Any CPU.Build.0 = Debug|Any CPU
		{4583DE03-74BF-463A-B04D-6631C0ED59BC}.Debug|ARM.ActiveCfg = Debug|Any CPU
		{4583DE03-74BF-463A-B04D-6631C0ED59BC}.Debug|ARM.Build.0 = Debug|Any CPU
		{4583DE03-74BF-463A-B04D-6631C0ED59BC}.Debug|iPhone.ActiveCfg = Debug|Any CPU
		{4583DE03-74BF-463A-B04D-6631C0ED59BC}.Debug|iPhone.Build.0 = Debug|Any CPU
		{4583DE03-74BF-463A-B04D-6631C0ED59BC}.Debug|iPhoneSimulator.ActiveCfg = Debug|Any CPU
		{4583DE03-74BF-463A-B04D-6631C0ED59BC}.Debug|iPhoneSimulator.Build.0 = Debug|Any CPU
		{4583DE03-74BF-463A-B04D-6631C0ED59BC}.Debug|x64.ActiveCfg = Debug|Any CPU
		{4583DE03-74BF-463A-B04D-6631C0ED59BC}.Debug|x64.Build.0 = Debug|Any CPU
		{4583DE03-74BF-463A-B04D-6631C0ED59BC}.Debug|x86.ActiveCfg = Debug|Any CPU
		{4583DE03-74BF-463A-B04D-6631C0ED59BC}.Debug|x86.Build.0 = Debug|Any CPU
		{4583DE03-74BF-463A-B04D-6631C0ED59BC}.Release|Any CPU.ActiveCfg = Release|Any CPU
		{4583DE03-74BF-463A-B04D-6631C0ED59BC}.Release|Any CPU.Build.0 = Release|Any CPU
		{4583DE03-74BF-463A-B04D-6631C0ED59BC}.Release|ARM.ActiveCfg = Release|Any CPU
		{4583DE03-74BF-463A-B04D-6631C0ED59BC}.Release|ARM.Build.0 = Release|Any CPU
		{4583DE03-74BF-463A-B04D-6631C0ED59BC}.Release|iPhone.ActiveCfg = Release|Any CPU
		{4583DE03-74BF-463A-B04D-6631C0ED59BC}.Release|iPhone.Build.0 = Release|Any CPU
		{4583DE03-74BF-463A-B04D-6631C0ED59BC}.Release|iPhoneSimulator.ActiveCfg = Release|Any CPU
		{4583DE03-74BF-463A-B04D-6631C0ED59BC}.Release|iPhoneSimulator.Build.0 = Release|Any CPU
		{4583DE03-74BF-463A-B04D-6631C0ED59BC}.Release|x64.ActiveCfg = Release|Any CPU
		{4583DE03-74BF-463A-B04D-6631C0ED59BC}.Release|x64.Build.0 = Release|Any CPU
		{4583DE03-74BF-463A-B04D-6631C0ED59BC}.Release|x86.ActiveCfg = Release|Any CPU
		{4583DE03-74BF-463A-B04D-6631C0ED59BC}.Release|x86.Build.0 = Release|Any CPU
		{091F75FA-0C4D-4DE5-AF8B-56FCB219C8F3}.Ad-Hoc|Any CPU.ActiveCfg = Release|Any CPU
		{091F75FA-0C4D-4DE5-AF8B-56FCB219C8F3}.Ad-Hoc|Any CPU.Build.0 = Release|Any CPU
		{091F75FA-0C4D-4DE5-AF8B-56FCB219C8F3}.Ad-Hoc|ARM.ActiveCfg = Release|Any CPU
		{091F75FA-0C4D-4DE5-AF8B-56FCB219C8F3}.Ad-Hoc|ARM.Build.0 = Release|Any CPU
		{091F75FA-0C4D-4DE5-AF8B-56FCB219C8F3}.Ad-Hoc|iPhone.ActiveCfg = Release|Any CPU
		{091F75FA-0C4D-4DE5-AF8B-56FCB219C8F3}.Ad-Hoc|iPhone.Build.0 = Release|Any CPU
		{091F75FA-0C4D-4DE5-AF8B-56FCB219C8F3}.Ad-Hoc|iPhoneSimulator.ActiveCfg = Release|Any CPU
		{091F75FA-0C4D-4DE5-AF8B-56FCB219C8F3}.Ad-Hoc|iPhoneSimulator.Build.0 = Release|Any CPU
		{091F75FA-0C4D-4DE5-AF8B-56FCB219C8F3}.Ad-Hoc|x64.ActiveCfg = Release|Any CPU
		{091F75FA-0C4D-4DE5-AF8B-56FCB219C8F3}.Ad-Hoc|x64.Build.0 = Release|Any CPU
		{091F75FA-0C4D-4DE5-AF8B-56FCB219C8F3}.Ad-Hoc|x86.ActiveCfg = Release|Any CPU
		{091F75FA-0C4D-4DE5-AF8B-56FCB219C8F3}.Ad-Hoc|x86.Build.0 = Release|Any CPU
		{091F75FA-0C4D-4DE5-AF8B-56FCB219C8F3}.AppStore|Any CPU.ActiveCfg = Release|Any CPU
		{091F75FA-0C4D-4DE5-AF8B-56FCB219C8F3}.AppStore|Any CPU.Build.0 = Release|Any CPU
		{091F75FA-0C4D-4DE5-AF8B-56FCB219C8F3}.AppStore|ARM.ActiveCfg = Release|Any CPU
		{091F75FA-0C4D-4DE5-AF8B-56FCB219C8F3}.AppStore|ARM.Build.0 = Release|Any CPU
		{091F75FA-0C4D-4DE5-AF8B-56FCB219C8F3}.AppStore|iPhone.ActiveCfg = Release|Any CPU
		{091F75FA-0C4D-4DE5-AF8B-56FCB219C8F3}.AppStore|iPhone.Build.0 = Release|Any CPU
		{091F75FA-0C4D-4DE5-AF8B-56FCB219C8F3}.AppStore|iPhoneSimulator.ActiveCfg = Release|Any CPU
		{091F75FA-0C4D-4DE5-AF8B-56FCB219C8F3}.AppStore|iPhoneSimulator.Build.0 = Release|Any CPU
		{091F75FA-0C4D-4DE5-AF8B-56FCB219C8F3}.AppStore|x64.ActiveCfg = Release|Any CPU
		{091F75FA-0C4D-4DE5-AF8B-56FCB219C8F3}.AppStore|x64.Build.0 = Release|Any CPU
		{091F75FA-0C4D-4DE5-AF8B-56FCB219C8F3}.AppStore|x86.ActiveCfg = Release|Any CPU
		{091F75FA-0C4D-4DE5-AF8B-56FCB219C8F3}.AppStore|x86.Build.0 = Release|Any CPU
		{091F75FA-0C4D-4DE5-AF8B-56FCB219C8F3}.Debug|Any CPU.ActiveCfg = Debug|Any CPU
		{091F75FA-0C4D-4DE5-AF8B-56FCB219C8F3}.Debug|Any CPU.Build.0 = Debug|Any CPU
		{091F75FA-0C4D-4DE5-AF8B-56FCB219C8F3}.Debug|ARM.ActiveCfg = Debug|Any CPU
		{091F75FA-0C4D-4DE5-AF8B-56FCB219C8F3}.Debug|ARM.Build.0 = Debug|Any CPU
		{091F75FA-0C4D-4DE5-AF8B-56FCB219C8F3}.Debug|iPhone.ActiveCfg = Debug|Any CPU
		{091F75FA-0C4D-4DE5-AF8B-56FCB219C8F3}.Debug|iPhone.Build.0 = Debug|Any CPU
		{091F75FA-0C4D-4DE5-AF8B-56FCB219C8F3}.Debug|iPhoneSimulator.ActiveCfg = Debug|Any CPU
		{091F75FA-0C4D-4DE5-AF8B-56FCB219C8F3}.Debug|iPhoneSimulator.Build.0 = Debug|Any CPU
		{091F75FA-0C4D-4DE5-AF8B-56FCB219C8F3}.Debug|x64.ActiveCfg = Debug|Any CPU
		{091F75FA-0C4D-4DE5-AF8B-56FCB219C8F3}.Debug|x64.Build.0 = Debug|Any CPU
		{091F75FA-0C4D-4DE5-AF8B-56FCB219C8F3}.Debug|x86.ActiveCfg = Debug|Any CPU
		{091F75FA-0C4D-4DE5-AF8B-56FCB219C8F3}.Debug|x86.Build.0 = Debug|Any CPU
		{091F75FA-0C4D-4DE5-AF8B-56FCB219C8F3}.Release|Any CPU.ActiveCfg = Release|Any CPU
		{091F75FA-0C4D-4DE5-AF8B-56FCB219C8F3}.Release|Any CPU.Build.0 = Release|Any CPU
		{091F75FA-0C4D-4DE5-AF8B-56FCB219C8F3}.Release|ARM.ActiveCfg = Release|Any CPU
		{091F75FA-0C4D-4DE5-AF8B-56FCB219C8F3}.Release|ARM.Build.0 = Release|Any CPU
		{091F75FA-0C4D-4DE5-AF8B-56FCB219C8F3}.Release|iPhone.ActiveCfg = Release|Any CPU
		{091F75FA-0C4D-4DE5-AF8B-56FCB219C8F3}.Release|iPhone.Build.0 = Release|Any CPU
		{091F75FA-0C4D-4DE5-AF8B-56FCB219C8F3}.Release|iPhoneSimulator.ActiveCfg = Release|Any CPU
		{091F75FA-0C4D-4DE5-AF8B-56FCB219C8F3}.Release|iPhoneSimulator.Build.0 = Release|Any CPU
		{091F75FA-0C4D-4DE5-AF8B-56FCB219C8F3}.Release|x64.ActiveCfg = Release|Any CPU
		{091F75FA-0C4D-4DE5-AF8B-56FCB219C8F3}.Release|x64.Build.0 = Release|Any CPU
		{091F75FA-0C4D-4DE5-AF8B-56FCB219C8F3}.Release|x86.ActiveCfg = Release|Any CPU
		{091F75FA-0C4D-4DE5-AF8B-56FCB219C8F3}.Release|x86.Build.0 = Release|Any CPU
	EndGlobalSection
	GlobalSection(SolutionProperties) = preSolution
		HideSolutionNode = FALSE
	EndGlobalSection
EndGlobal
